// !$*UTF8*$!
{
	archiveVersion = 1;
	classes = {
	};
	objectVersion = 46;
	objects = {

/* Begin PBXBuildFile section */
		626BA0DCBFEE2A74D640F623 /* libPods-HaQ.a in Frameworks */ = {isa = PBXBuildFile; fileRef = 56B9FE73FC311619F2C593FC /* libPods-HaQ.a */; };
		FC13BB8C1C66809C002AA905 /* DecideForPendingTargetsViewController.m in Sources */ = {isa = PBXBuildFile; fileRef = FC13BB8B1C66809C002AA905 /* DecideForPendingTargetsViewController.m */; };
		FC5FC30D1C63BF77004C0AD6 /* Item.m in Sources */ = {isa = PBXBuildFile; fileRef = FC5FC30C1C63BF77004C0AD6 /* Item.m */; };
		FC5FC3111C63C351004C0AD6 /* RandomNumberGenerator.m in Sources */ = {isa = PBXBuildFile; fileRef = FC5FC3101C63C351004C0AD6 /* RandomNumberGenerator.m */; };
		FC60EAE11C66E8C5006F2C21 /* LocationManager.m in Sources */ = {isa = PBXBuildFile; fileRef = FC60EAE01C66E8C5006F2C21 /* LocationManager.m */; };
		FC6256591C6134D100FCAE56 /* main.m in Sources */ = {isa = PBXBuildFile; fileRef = FC6256581C6134D100FCAE56 /* main.m */; };
		FC62565C1C6134D100FCAE56 /* AppDelegate.m in Sources */ = {isa = PBXBuildFile; fileRef = FC62565B1C6134D100FCAE56 /* AppDelegate.m */; };
		FC6256641C6134D200FCAE56 /* Assets.xcassets in Resources */ = {isa = PBXBuildFile; fileRef = FC6256631C6134D200FCAE56 /* Assets.xcassets */; };
		FC6256671C6134D200FCAE56 /* LaunchScreen.storyboard in Resources */ = {isa = PBXBuildFile; fileRef = FC6256651C6134D200FCAE56 /* LaunchScreen.storyboard */; };
		FC630A621C6716BE0060FF5D /* glow-marker.png in Resources */ = {isa = PBXBuildFile; fileRef = FC630A641C6716BE0060FF5D /* glow-marker.png */; };
		FC630A651C6716D20060FF5D /* icon_money.png in Resources */ = {isa = PBXBuildFile; fileRef = FC630A671C6716D20060FF5D /* icon_money.png */; };
		FC630A6C1C67397A0060FF5D /* PictureCell.xib in Resources */ = {isa = PBXBuildFile; fileRef = FC630A6B1C67397A0060FF5D /* PictureCell.xib */; };
		FC630A761C6760390060FF5D /* DataUpdateProtocol.m in Sources */ = {isa = PBXBuildFile; fileRef = FC630A751C6760390060FF5D /* DataUpdateProtocol.m */; };
		FC68615D1C685E5C0008C818 /* InitiateHackViewController.m in Sources */ = {isa = PBXBuildFile; fileRef = FC68615C1C685E5C0008C818 /* InitiateHackViewController.m */; };
		FC68615F1C68611A0008C818 /* HaQ-logo.png in Resources */ = {isa = PBXBuildFile; fileRef = FC68615E1C68611A0008C818 /* HaQ-logo.png */; };
		FC68616E1C688A110008C818 /* DoubleCircleButton.swift in Sources */ = {isa = PBXBuildFile; fileRef = FC68616D1C688A110008C818 /* DoubleCircleButton.swift */; };
		FC6861711C68C12D0008C818 /* Attack.m in Sources */ = {isa = PBXBuildFile; fileRef = FC6861701C68C12D0008C818 /* Attack.m */; };
		FC6861831C68ED470008C818 /* BeingHackedViewController.m in Sources */ = {isa = PBXBuildFile; fileRef = FC6861821C68ED470008C818 /* BeingHackedViewController.m */; };
		FC6861871C68EF8A0008C818 /* ViewController.m in Sources */ = {isa = PBXBuildFile; fileRef = FC6861851C68EF8A0008C818 /* ViewController.m */; };
		FCA331411C636C1E00F616AC /* LoginViewController.m in Sources */ = {isa = PBXBuildFile; fileRef = FCA331401C636C1E00F616AC /* LoginViewController.m */; };
		FCA331441C636C2F00F616AC /* RegisterViewController.m in Sources */ = {isa = PBXBuildFile; fileRef = FCA331431C636C2F00F616AC /* RegisterViewController.m */; };
		FCA331481C636C8500F616AC /* MainViewController.m in Sources */ = {isa = PBXBuildFile; fileRef = FCA331471C636C8500F616AC /* MainViewController.m */; };
		FCD11EE71C64A86B00DA6EFA /* Validator.m in Sources */ = {isa = PBXBuildFile; fileRef = FCD11EE61C64A86B00DA6EFA /* Validator.m */; };
		FCD11EEA1C64A87900DA6EFA /* HelperMethods.m in Sources */ = {isa = PBXBuildFile; fileRef = FCD11EE91C64A87900DA6EFA /* HelperMethods.m */; };
		FCD11EEE1C64AA7600DA6EFA /* GlobalConstants.m in Sources */ = {isa = PBXBuildFile; fileRef = FCD11EED1C64AA7600DA6EFA /* GlobalConstants.m */; };
		FCD11EF11C64AA8400DA6EFA /* ModelConstants.m in Sources */ = {isa = PBXBuildFile; fileRef = FCD11EF01C64AA8400DA6EFA /* ModelConstants.m */; };
		FCD11EF41C64B97900DA6EFA /* Friendship.m in Sources */ = {isa = PBXBuildFile; fileRef = FCD11EF31C64B97900DA6EFA /* Friendship.m */; };
		FCD11EFA1C64D1BD00DA6EFA /* HackViewController.m in Sources */ = {isa = PBXBuildFile; fileRef = FCD11EF91C64D1BD00DA6EFA /* HackViewController.m */; };
		FCD11EFD1C64D1D000DA6EFA /* TargetsViewController.m in Sources */ = {isa = PBXBuildFile; fileRef = FCD11EFC1C64D1D000DA6EFA /* TargetsViewController.m */; };
		FCD11F001C64D1E200DA6EFA /* CollectItemsViewController.m in Sources */ = {isa = PBXBuildFile; fileRef = FCD11EFF1C64D1E200DA6EFA /* CollectItemsViewController.m */; };
		FCD11F031C64D5E800DA6EFA /* AddTargetViewController.m in Sources */ = {isa = PBXBuildFile; fileRef = FCD11F021C64D5E800DA6EFA /* AddTargetViewController.m */; };
		FCD11F061C64DD7900DA6EFA /* DataManager.m in Sources */ = {isa = PBXBuildFile; fileRef = FCD11F051C64DD7900DA6EFA /* DataManager.m */; };
		FCD11F0C1C64E81500DA6EFA /* GoogleMapViewController.m in Sources */ = {isa = PBXBuildFile; fileRef = FCD11F0B1C64E81500DA6EFA /* GoogleMapViewController.m */; };
		FCD11F161C652A3600DA6EFA /* PictureCell.m in Sources */ = {isa = PBXBuildFile; fileRef = FCD11F151C652A3600DA6EFA /* PictureCell.m */; };
		FCD11F201C65762300DA6EFA /* PendingTargetsViewController.m in Sources */ = {isa = PBXBuildFile; fileRef = FCD11F1F1C65762300DA6EFA /* PendingTargetsViewController.m */; };
		FCD33AED1C67E67F00F2465A /* Main.storyboard in Resources */ = {isa = PBXBuildFile; fileRef = FCD33AEC1C67E67E00F2465A /* Main.storyboard */; };
		FCD33AF51C67EFAB00F2465A /* UserDetailsView.m in Sources */ = {isa = PBXBuildFile; fileRef = FCD33AF41C67EFAB00F2465A /* UserDetailsView.m */; };
		FCD33AF71C67EFBD00F2465A /* UserDetailsView.xib in Resources */ = {isa = PBXBuildFile; fileRef = FCD33AF61C67EFBD00F2465A /* UserDetailsView.xib */; };
		FCD33AFA1C67FC0F00F2465A /* ChooseTargetToHackViewController.m in Sources */ = {isa = PBXBuildFile; fileRef = FCD33AF91C67FC0F00F2465A /* ChooseTargetToHackViewController.m */; };
		FCD33B011C68006C00F2465A /* StatusItemView.m in Sources */ = {isa = PBXBuildFile; fileRef = FCD33B001C68006C00F2465A /* StatusItemView.m */; };
		FCD33B0E1C681B2B00F2465A /* status_money_bag.png in Resources */ = {isa = PBXBuildFile; fileRef = FCD33B0C1C681B2700F2465A /* status_money_bag.png */; };
		FCD33B161C68264300F2465A /* BackgroundAnimation.m in Sources */ = {isa = PBXBuildFile; fileRef = FCD33B151C68264300F2465A /* BackgroundAnimation.m */; };
		FCD33B241C683AF800F2465A /* animation_1.png in Resources */ = {isa = PBXBuildFile; fileRef = FCD33B231C683AF800F2465A /* animation_1.png */; };
		FCD33B261C683B0300F2465A /* animation_2.png in Resources */ = {isa = PBXBuildFile; fileRef = FCD33B251C683B0300F2465A /* animation_2.png */; };
/* End PBXBuildFile section */

/* Begin PBXFileReference section */
		56B9FE73FC311619F2C593FC /* libPods-HaQ.a */ = {isa = PBXFileReference; explicitFileType = archive.ar; includeInIndex = 0; path = "libPods-HaQ.a"; sourceTree = BUILT_PRODUCTS_DIR; };
		A5237C04DDC5F1219AA4EA24 /* Pods-HaQ.release.xcconfig */ = {isa = PBXFileReference; includeInIndex = 1; lastKnownFileType = text.xcconfig; name = "Pods-HaQ.release.xcconfig"; path = "Pods/Target Support Files/Pods-HaQ/Pods-HaQ.release.xcconfig"; sourceTree = "<group>"; };
		E2835DEEC783EE3201BBD73D /* Pods-HaQ.debug.xcconfig */ = {isa = PBXFileReference; includeInIndex = 1; lastKnownFileType = text.xcconfig; name = "Pods-HaQ.debug.xcconfig"; path = "Pods/Target Support Files/Pods-HaQ/Pods-HaQ.debug.xcconfig"; sourceTree = "<group>"; };
		FC13BB8A1C66809C002AA905 /* DecideForPendingTargetsViewController.h */ = {isa = PBXFileReference; fileEncoding = 4; lastKnownFileType = sourcecode.c.h; name = DecideForPendingTargetsViewController.h; path = Controllers/DecideForPendingTargetsViewController.h; sourceTree = "<group>"; };
		FC13BB8B1C66809C002AA905 /* DecideForPendingTargetsViewController.m */ = {isa = PBXFileReference; fileEncoding = 4; lastKnownFileType = sourcecode.c.objc; name = DecideForPendingTargetsViewController.m; path = Controllers/DecideForPendingTargetsViewController.m; sourceTree = "<group>"; };
		FC5FC30B1C63BF77004C0AD6 /* Item.h */ = {isa = PBXFileReference; fileEncoding = 4; lastKnownFileType = sourcecode.c.h; name = Item.h; path = Models/Item.h; sourceTree = "<group>"; };
		FC5FC30C1C63BF77004C0AD6 /* Item.m */ = {isa = PBXFileReference; fileEncoding = 4; lastKnownFileType = sourcecode.c.objc; name = Item.m; path = Models/Item.m; sourceTree = "<group>"; };
		FC5FC30F1C63C351004C0AD6 /* RandomNumberGenerator.h */ = {isa = PBXFileReference; fileEncoding = 4; lastKnownFileType = sourcecode.c.h; name = RandomNumberGenerator.h; path = Helpers/RandomNumberGenerator.h; sourceTree = "<group>"; };
		FC5FC3101C63C351004C0AD6 /* RandomNumberGenerator.m */ = {isa = PBXFileReference; fileEncoding = 4; lastKnownFileType = sourcecode.c.objc; name = RandomNumberGenerator.m; path = Helpers/RandomNumberGenerator.m; sourceTree = "<group>"; };
		FC60EADF1C66E8C5006F2C21 /* LocationManager.h */ = {isa = PBXFileReference; fileEncoding = 4; lastKnownFileType = sourcecode.c.h; name = LocationManager.h; path = Helpers/LocationManager.h; sourceTree = "<group>"; };
		FC60EAE01C66E8C5006F2C21 /* LocationManager.m */ = {isa = PBXFileReference; fileEncoding = 4; lastKnownFileType = sourcecode.c.objc; name = LocationManager.m; path = Helpers/LocationManager.m; sourceTree = "<group>"; };
		FC6256541C6134D100FCAE56 /* HaQ.app */ = {isa = PBXFileReference; explicitFileType = wrapper.application; includeInIndex = 0; path = HaQ.app; sourceTree = BUILT_PRODUCTS_DIR; };
		FC6256581C6134D100FCAE56 /* main.m */ = {isa = PBXFileReference; lastKnownFileType = sourcecode.c.objc; path = main.m; sourceTree = "<group>"; };
		FC62565A1C6134D100FCAE56 /* AppDelegate.h */ = {isa = PBXFileReference; lastKnownFileType = sourcecode.c.h; path = AppDelegate.h; sourceTree = "<group>"; };
		FC62565B1C6134D100FCAE56 /* AppDelegate.m */ = {isa = PBXFileReference; lastKnownFileType = sourcecode.c.objc; path = AppDelegate.m; sourceTree = "<group>"; };
		FC6256631C6134D200FCAE56 /* Assets.xcassets */ = {isa = PBXFileReference; lastKnownFileType = folder.assetcatalog; path = Assets.xcassets; sourceTree = "<group>"; };
		FC6256661C6134D200FCAE56 /* Base */ = {isa = PBXFileReference; lastKnownFileType = file.storyboard; name = Base; path = Base.lproj/LaunchScreen.storyboard; sourceTree = "<group>"; };
		FC6256681C6134D200FCAE56 /* Info.plist */ = {isa = PBXFileReference; lastKnownFileType = text.plist.xml; path = Info.plist; sourceTree = "<group>"; };
		FC630A631C6716BE0060FF5D /* Base */ = {isa = PBXFileReference; lastKnownFileType = image.png; name = Base; path = "Base.lproj/glow-marker.png"; sourceTree = "<group>"; };
		FC630A661C6716D20060FF5D /* Base */ = {isa = PBXFileReference; lastKnownFileType = image.png; name = Base; path = Base.lproj/icon_money.png; sourceTree = "<group>"; };
		FC630A681C6716D50060FF5D /* en */ = {isa = PBXFileReference; lastKnownFileType = image.png; name = en; path = en.lproj/icon_money.png; sourceTree = "<group>"; };
		FC630A691C6716DA0060FF5D /* en */ = {isa = PBXFileReference; lastKnownFileType = image.png; name = en; path = "en.lproj/glow-marker.png"; sourceTree = "<group>"; };
		FC630A6B1C67397A0060FF5D /* PictureCell.xib */ = {isa = PBXFileReference; fileEncoding = 4; lastKnownFileType = file.xib; name = PictureCell.xib; path = Views/PictureCell.xib; sourceTree = "<group>"; };
		FC630A741C6760390060FF5D /* DataUpdateProtocol.h */ = {isa = PBXFileReference; fileEncoding = 4; lastKnownFileType = sourcecode.c.h; name = DataUpdateProtocol.h; path = Helpers/DataUpdateProtocol.h; sourceTree = "<group>"; };
		FC630A751C6760390060FF5D /* DataUpdateProtocol.m */ = {isa = PBXFileReference; fileEncoding = 4; lastKnownFileType = sourcecode.c.objc; name = DataUpdateProtocol.m; path = Helpers/DataUpdateProtocol.m; sourceTree = "<group>"; };
		FC68615B1C685E5C0008C818 /* InitiateHackViewController.h */ = {isa = PBXFileReference; fileEncoding = 4; lastKnownFileType = sourcecode.c.h; name = InitiateHackViewController.h; path = Controllers/InitiateHackViewController.h; sourceTree = "<group>"; };
		FC68615C1C685E5C0008C818 /* InitiateHackViewController.m */ = {isa = PBXFileReference; fileEncoding = 4; lastKnownFileType = sourcecode.c.objc; name = InitiateHackViewController.m; path = Controllers/InitiateHackViewController.m; sourceTree = "<group>"; };
		FC68615E1C68611A0008C818 /* HaQ-logo.png */ = {isa = PBXFileReference; lastKnownFileType = image.png; name = "HaQ-logo.png"; path = "Resources/HaQ-logo.png"; sourceTree = "<group>"; };
		FC68616C1C68886A0008C818 /* HaQ-Bridging-Header.h */ = {isa = PBXFileReference; fileEncoding = 4; lastKnownFileType = sourcecode.c.h; path = "HaQ-Bridging-Header.h"; sourceTree = "<group>"; };
		FC68616D1C688A110008C818 /* DoubleCircleButton.swift */ = {isa = PBXFileReference; fileEncoding = 4; lastKnownFileType = sourcecode.swift; name = DoubleCircleButton.swift; path = Views/DoubleCircleButton.swift; sourceTree = "<group>"; };
		FC68616F1C68C12D0008C818 /* Attack.h */ = {isa = PBXFileReference; fileEncoding = 4; lastKnownFileType = sourcecode.c.h; name = Attack.h; path = Models/Attack.h; sourceTree = "<group>"; };
		FC6861701C68C12D0008C818 /* Attack.m */ = {isa = PBXFileReference; fileEncoding = 4; lastKnownFileType = sourcecode.c.objc; name = Attack.m; path = Models/Attack.m; sourceTree = "<group>"; };
		FC6861811C68ED470008C818 /* BeingHackedViewController.h */ = {isa = PBXFileReference; fileEncoding = 4; lastKnownFileType = sourcecode.c.h; name = BeingHackedViewController.h; path = Controllers/BeingHackedViewController.h; sourceTree = "<group>"; };
		FC6861821C68ED470008C818 /* BeingHackedViewController.m */ = {isa = PBXFileReference; fileEncoding = 4; lastKnownFileType = sourcecode.c.objc; name = BeingHackedViewController.m; path = Controllers/BeingHackedViewController.m; sourceTree = "<group>"; };
		FC6861841C68EF8A0008C818 /* ViewController.h */ = {isa = PBXFileReference; fileEncoding = 4; lastKnownFileType = sourcecode.c.h; name = ViewController.h; path = Views/ViewController.h; sourceTree = "<group>"; };
		FC6861851C68EF8A0008C818 /* ViewController.m */ = {isa = PBXFileReference; fileEncoding = 4; lastKnownFileType = sourcecode.c.objc; name = ViewController.m; path = Views/ViewController.m; sourceTree = "<group>"; };
		FCA3313F1C636C1E00F616AC /* LoginViewController.h */ = {isa = PBXFileReference; fileEncoding = 4; lastKnownFileType = sourcecode.c.h; name = LoginViewController.h; path = Controllers/LoginViewController.h; sourceTree = "<group>"; };
		FCA331401C636C1E00F616AC /* LoginViewController.m */ = {isa = PBXFileReference; fileEncoding = 4; lastKnownFileType = sourcecode.c.objc; name = LoginViewController.m; path = Controllers/LoginViewController.m; sourceTree = "<group>"; };
		FCA331421C636C2F00F616AC /* RegisterViewController.h */ = {isa = PBXFileReference; fileEncoding = 4; lastKnownFileType = sourcecode.c.h; name = RegisterViewController.h; path = Controllers/RegisterViewController.h; sourceTree = "<group>"; };
		FCA331431C636C2F00F616AC /* RegisterViewController.m */ = {isa = PBXFileReference; fileEncoding = 4; lastKnownFileType = sourcecode.c.objc; name = RegisterViewController.m; path = Controllers/RegisterViewController.m; sourceTree = "<group>"; };
		FCA331461C636C8500F616AC /* MainViewController.h */ = {isa = PBXFileReference; fileEncoding = 4; lastKnownFileType = sourcecode.c.h; name = MainViewController.h; path = Controllers/MainViewController.h; sourceTree = "<group>"; };
		FCA331471C636C8500F616AC /* MainViewController.m */ = {isa = PBXFileReference; fileEncoding = 4; lastKnownFileType = sourcecode.c.objc; name = MainViewController.m; path = Controllers/MainViewController.m; sourceTree = "<group>"; };
		FCD11EE51C64A86B00DA6EFA /* Validator.h */ = {isa = PBXFileReference; fileEncoding = 4; lastKnownFileType = sourcecode.c.h; name = Validator.h; path = Helpers/Validator.h; sourceTree = "<group>"; };
		FCD11EE61C64A86B00DA6EFA /* Validator.m */ = {isa = PBXFileReference; fileEncoding = 4; lastKnownFileType = sourcecode.c.objc; name = Validator.m; path = Helpers/Validator.m; sourceTree = "<group>"; };
		FCD11EE81C64A87900DA6EFA /* HelperMethods.h */ = {isa = PBXFileReference; fileEncoding = 4; lastKnownFileType = sourcecode.c.h; name = HelperMethods.h; path = Helpers/HelperMethods.h; sourceTree = "<group>"; };
		FCD11EE91C64A87900DA6EFA /* HelperMethods.m */ = {isa = PBXFileReference; fileEncoding = 4; lastKnownFileType = sourcecode.c.objc; name = HelperMethods.m; path = Helpers/HelperMethods.m; sourceTree = "<group>"; };
		FCD11EEC1C64AA7600DA6EFA /* GlobalConstants.h */ = {isa = PBXFileReference; fileEncoding = 4; lastKnownFileType = sourcecode.c.h; name = GlobalConstants.h; path = Constants/GlobalConstants.h; sourceTree = "<group>"; };
		FCD11EED1C64AA7600DA6EFA /* GlobalConstants.m */ = {isa = PBXFileReference; fileEncoding = 4; lastKnownFileType = sourcecode.c.objc; name = GlobalConstants.m; path = Constants/GlobalConstants.m; sourceTree = "<group>"; };
		FCD11EEF1C64AA8400DA6EFA /* ModelConstants.h */ = {isa = PBXFileReference; fileEncoding = 4; lastKnownFileType = sourcecode.c.h; name = ModelConstants.h; path = Constants/ModelConstants.h; sourceTree = "<group>"; };
		FCD11EF01C64AA8400DA6EFA /* ModelConstants.m */ = {isa = PBXFileReference; fileEncoding = 4; lastKnownFileType = sourcecode.c.objc; name = ModelConstants.m; path = Constants/ModelConstants.m; sourceTree = "<group>"; };
		FCD11EF21C64B97900DA6EFA /* Friendship.h */ = {isa = PBXFileReference; fileEncoding = 4; lastKnownFileType = sourcecode.c.h; name = Friendship.h; path = Models/Friendship.h; sourceTree = "<group>"; };
		FCD11EF31C64B97900DA6EFA /* Friendship.m */ = {isa = PBXFileReference; fileEncoding = 4; lastKnownFileType = sourcecode.c.objc; name = Friendship.m; path = Models/Friendship.m; sourceTree = "<group>"; };
		FCD11EF81C64D1BD00DA6EFA /* HackViewController.h */ = {isa = PBXFileReference; fileEncoding = 4; lastKnownFileType = sourcecode.c.h; name = HackViewController.h; path = Controllers/HackViewController.h; sourceTree = "<group>"; };
		FCD11EF91C64D1BD00DA6EFA /* HackViewController.m */ = {isa = PBXFileReference; fileEncoding = 4; lastKnownFileType = sourcecode.c.objc; name = HackViewController.m; path = Controllers/HackViewController.m; sourceTree = "<group>"; };
		FCD11EFB1C64D1D000DA6EFA /* TargetsViewController.h */ = {isa = PBXFileReference; fileEncoding = 4; lastKnownFileType = sourcecode.c.h; name = TargetsViewController.h; path = Controllers/TargetsViewController.h; sourceTree = "<group>"; };
		FCD11EFC1C64D1D000DA6EFA /* TargetsViewController.m */ = {isa = PBXFileReference; fileEncoding = 4; lastKnownFileType = sourcecode.c.objc; name = TargetsViewController.m; path = Controllers/TargetsViewController.m; sourceTree = "<group>"; };
		FCD11EFE1C64D1E200DA6EFA /* CollectItemsViewController.h */ = {isa = PBXFileReference; fileEncoding = 4; lastKnownFileType = sourcecode.c.h; name = CollectItemsViewController.h; path = Controllers/CollectItemsViewController.h; sourceTree = "<group>"; };
		FCD11EFF1C64D1E200DA6EFA /* CollectItemsViewController.m */ = {isa = PBXFileReference; fileEncoding = 4; lastKnownFileType = sourcecode.c.objc; name = CollectItemsViewController.m; path = Controllers/CollectItemsViewController.m; sourceTree = "<group>"; };
		FCD11F011C64D5E800DA6EFA /* AddTargetViewController.h */ = {isa = PBXFileReference; fileEncoding = 4; lastKnownFileType = sourcecode.c.h; name = AddTargetViewController.h; path = Controllers/AddTargetViewController.h; sourceTree = "<group>"; };
		FCD11F021C64D5E800DA6EFA /* AddTargetViewController.m */ = {isa = PBXFileReference; fileEncoding = 4; lastKnownFileType = sourcecode.c.objc; name = AddTargetViewController.m; path = Controllers/AddTargetViewController.m; sourceTree = "<group>"; };
		FCD11F041C64DD7900DA6EFA /* DataManager.h */ = {isa = PBXFileReference; fileEncoding = 4; lastKnownFileType = sourcecode.c.h; name = DataManager.h; path = Helpers/DataManager.h; sourceTree = "<group>"; };
		FCD11F051C64DD7900DA6EFA /* DataManager.m */ = {isa = PBXFileReference; fileEncoding = 4; lastKnownFileType = sourcecode.c.objc; name = DataManager.m; path = Helpers/DataManager.m; sourceTree = "<group>"; };
		FCD11F0A1C64E81500DA6EFA /* GoogleMapViewController.h */ = {isa = PBXFileReference; fileEncoding = 4; lastKnownFileType = sourcecode.c.h; name = GoogleMapViewController.h; path = Controllers/GoogleMapViewController.h; sourceTree = "<group>"; };
		FCD11F0B1C64E81500DA6EFA /* GoogleMapViewController.m */ = {isa = PBXFileReference; fileEncoding = 4; lastKnownFileType = sourcecode.c.objc; name = GoogleMapViewController.m; path = Controllers/GoogleMapViewController.m; sourceTree = "<group>"; };
		FCD11F141C652A3600DA6EFA /* PictureCell.h */ = {isa = PBXFileReference; fileEncoding = 4; lastKnownFileType = sourcecode.c.h; name = PictureCell.h; path = Views/PictureCell.h; sourceTree = "<group>"; };
		FCD11F151C652A3600DA6EFA /* PictureCell.m */ = {isa = PBXFileReference; fileEncoding = 4; lastKnownFileType = sourcecode.c.objc; name = PictureCell.m; path = Views/PictureCell.m; sourceTree = "<group>"; };
		FCD11F1E1C65762300DA6EFA /* PendingTargetsViewController.h */ = {isa = PBXFileReference; fileEncoding = 4; lastKnownFileType = sourcecode.c.h; name = PendingTargetsViewController.h; path = Controllers/PendingTargetsViewController.h; sourceTree = "<group>"; };
		FCD11F1F1C65762300DA6EFA /* PendingTargetsViewController.m */ = {isa = PBXFileReference; fileEncoding = 4; lastKnownFileType = sourcecode.c.objc; name = PendingTargetsViewController.m; path = Controllers/PendingTargetsViewController.m; sourceTree = "<group>"; };
		FCD33AEC1C67E67E00F2465A /* Main.storyboard */ = {isa = PBXFileReference; fileEncoding = 4; lastKnownFileType = file.storyboard; path = Main.storyboard; sourceTree = "<group>"; };
		FCD33AF31C67EFAB00F2465A /* UserDetailsView.h */ = {isa = PBXFileReference; fileEncoding = 4; lastKnownFileType = sourcecode.c.h; name = UserDetailsView.h; path = Views/UserDetailsView.h; sourceTree = "<group>"; };
		FCD33AF41C67EFAB00F2465A /* UserDetailsView.m */ = {isa = PBXFileReference; fileEncoding = 4; lastKnownFileType = sourcecode.c.objc; name = UserDetailsView.m; path = Views/UserDetailsView.m; sourceTree = "<group>"; };
		FCD33AF61C67EFBD00F2465A /* UserDetailsView.xib */ = {isa = PBXFileReference; fileEncoding = 4; lastKnownFileType = file.xib; name = UserDetailsView.xib; path = Views/UserDetailsView.xib; sourceTree = "<group>"; };
		FCD33AF81C67FC0F00F2465A /* ChooseTargetToHackViewController.h */ = {isa = PBXFileReference; fileEncoding = 4; lastKnownFileType = sourcecode.c.h; name = ChooseTargetToHackViewController.h; path = Controllers/ChooseTargetToHackViewController.h; sourceTree = "<group>"; };
		FCD33AF91C67FC0F00F2465A /* ChooseTargetToHackViewController.m */ = {isa = PBXFileReference; fileEncoding = 4; lastKnownFileType = sourcecode.c.objc; name = ChooseTargetToHackViewController.m; path = Controllers/ChooseTargetToHackViewController.m; sourceTree = "<group>"; };
		FCD33AFF1C68006C00F2465A /* StatusItemView.h */ = {isa = PBXFileReference; fileEncoding = 4; lastKnownFileType = sourcecode.c.h; name = StatusItemView.h; path = Views/StatusItemView.h; sourceTree = "<group>"; };
		FCD33B001C68006C00F2465A /* StatusItemView.m */ = {isa = PBXFileReference; fileEncoding = 4; lastKnownFileType = sourcecode.c.objc; name = StatusItemView.m; path = Views/StatusItemView.m; sourceTree = "<group>"; };
		FCD33B0B1C681B2700F2465A /* Base */ = {isa = PBXFileReference; lastKnownFileType = image.png; name = Base; path = Base.lproj/status_money_bag.png; sourceTree = "<group>"; };
		FCD33B0D1C681B2900F2465A /* en */ = {isa = PBXFileReference; lastKnownFileType = image.png; name = en; path = en.lproj/status_money_bag.png; sourceTree = "<group>"; };
		FCD33B141C68264300F2465A /* BackgroundAnimation.h */ = {isa = PBXFileReference; fileEncoding = 4; lastKnownFileType = sourcecode.c.h; name = BackgroundAnimation.h; path = Views/BackgroundAnimation.h; sourceTree = "<group>"; };
		FCD33B151C68264300F2465A /* BackgroundAnimation.m */ = {isa = PBXFileReference; fileEncoding = 4; lastKnownFileType = sourcecode.c.objc; name = BackgroundAnimation.m; path = Views/BackgroundAnimation.m; sourceTree = "<group>"; };
		FCD33B231C683AF800F2465A /* animation_1.png */ = {isa = PBXFileReference; lastKnownFileType = image.png; name = animation_1.png; path = Resources/animation_1.png; sourceTree = "<group>"; };
		FCD33B251C683B0300F2465A /* animation_2.png */ = {isa = PBXFileReference; lastKnownFileType = image.png; name = animation_2.png; path = Resources/animation_2.png; sourceTree = "<group>"; };
/* End PBXFileReference section */

/* Begin PBXFrameworksBuildPhase section */
		FC6256511C6134D100FCAE56 /* Frameworks */ = {
			isa = PBXFrameworksBuildPhase;
			buildActionMask = 2147483647;
			files = (
				626BA0DCBFEE2A74D640F623 /* libPods-HaQ.a in Frameworks */,
			);
			runOnlyForDeploymentPostprocessing = 0;
		};
/* End PBXFrameworksBuildPhase section */

/* Begin PBXGroup section */
		86C82049B662AF3D35D20139 /* Pods */ = {
			isa = PBXGroup;
			children = (
				E2835DEEC783EE3201BBD73D /* Pods-HaQ.debug.xcconfig */,
				A5237C04DDC5F1219AA4EA24 /* Pods-HaQ.release.xcconfig */,
			);
			name = Pods;
			sourceTree = "<group>";
		};
		A8EB855E7F7540CC1142E846 /* Frameworks */ = {
			isa = PBXGroup;
			children = (
				56B9FE73FC311619F2C593FC /* libPods-HaQ.a */,
			);
			name = Frameworks;
			sourceTree = "<group>";
		};
		FC56F1171C6165B100E7DA32 /* Models */ = {
			isa = PBXGroup;
			children = (
				FC5FC30B1C63BF77004C0AD6 /* Item.h */,
				FC5FC30C1C63BF77004C0AD6 /* Item.m */,
				FCD11EF21C64B97900DA6EFA /* Friendship.h */,
				FCD11EF31C64B97900DA6EFA /* Friendship.m */,
				FC68616F1C68C12D0008C818 /* Attack.h */,
				FC6861701C68C12D0008C818 /* Attack.m */,
			);
			name = Models;
			sourceTree = "<group>";
		};
		FC5FC30E1C63C32E004C0AD6 /* Helpers */ = {
			isa = PBXGroup;
			children = (
				FC5FC30F1C63C351004C0AD6 /* RandomNumberGenerator.h */,
				FC5FC3101C63C351004C0AD6 /* RandomNumberGenerator.m */,
				FCD11EE51C64A86B00DA6EFA /* Validator.h */,
				FCD11EE61C64A86B00DA6EFA /* Validator.m */,
				FCD11EE81C64A87900DA6EFA /* HelperMethods.h */,
				FCD11EE91C64A87900DA6EFA /* HelperMethods.m */,
				FCD11F041C64DD7900DA6EFA /* DataManager.h */,
				FCD11F051C64DD7900DA6EFA /* DataManager.m */,
				FC60EADF1C66E8C5006F2C21 /* LocationManager.h */,
				FC60EAE01C66E8C5006F2C21 /* LocationManager.m */,
				FC630A741C6760390060FF5D /* DataUpdateProtocol.h */,
				FC630A751C6760390060FF5D /* DataUpdateProtocol.m */,
			);
			name = Helpers;
			sourceTree = "<group>";
		};
		FC62564B1C6134D100FCAE56 = {
			isa = PBXGroup;
			children = (
				FC6256561C6134D100FCAE56 /* HaQ */,
				FC6256551C6134D100FCAE56 /* Products */,
				86C82049B662AF3D35D20139 /* Pods */,
				A8EB855E7F7540CC1142E846 /* Frameworks */,
			);
			sourceTree = "<group>";
		};
		FC6256551C6134D100FCAE56 /* Products */ = {
			isa = PBXGroup;
			children = (
				FC6256541C6134D100FCAE56 /* HaQ.app */,
			);
			name = Products;
			sourceTree = "<group>";
		};
		FC6256561C6134D100FCAE56 /* HaQ */ = {
			isa = PBXGroup;
			children = (
				FCD33AEC1C67E67E00F2465A /* Main.storyboard */,
				FCD11F0F1C651CFC00DA6EFA /* Views */,
				FCD11F0E1C64EEB300DA6EFA /* Resources */,
				FCD11EEB1C64AA3E00DA6EFA /* Constants */,
				FC5FC30E1C63C32E004C0AD6 /* Helpers */,
				FCA3313E1C636BFC00F616AC /* Controllers */,
				FC56F1171C6165B100E7DA32 /* Models */,
				FC62565A1C6134D100FCAE56 /* AppDelegate.h */,
				FC62565B1C6134D100FCAE56 /* AppDelegate.m */,
				FC6256631C6134D200FCAE56 /* Assets.xcassets */,
				FC6256651C6134D200FCAE56 /* LaunchScreen.storyboard */,
				FC6256681C6134D200FCAE56 /* Info.plist */,
				FC6256571C6134D100FCAE56 /* Supporting Files */,
				FC68616C1C68886A0008C818 /* HaQ-Bridging-Header.h */,
			);
			path = HaQ;
			sourceTree = "<group>";
		};
		FC6256571C6134D100FCAE56 /* Supporting Files */ = {
			isa = PBXGroup;
			children = (
				FC6256581C6134D100FCAE56 /* main.m */,
			);
			name = "Supporting Files";
			sourceTree = "<group>";
		};
		FCA3313E1C636BFC00F616AC /* Controllers */ = {
			isa = PBXGroup;
			children = (
				FCA3313F1C636C1E00F616AC /* LoginViewController.h */,
				FCA331401C636C1E00F616AC /* LoginViewController.m */,
				FCA331421C636C2F00F616AC /* RegisterViewController.h */,
				FCA331431C636C2F00F616AC /* RegisterViewController.m */,
				FCA331461C636C8500F616AC /* MainViewController.h */,
				FCA331471C636C8500F616AC /* MainViewController.m */,
				FCD11EF81C64D1BD00DA6EFA /* HackViewController.h */,
				FCD11EF91C64D1BD00DA6EFA /* HackViewController.m */,
				FCD11EFB1C64D1D000DA6EFA /* TargetsViewController.h */,
				FCD11EFC1C64D1D000DA6EFA /* TargetsViewController.m */,
				FCD11EFF1C64D1E200DA6EFA /* CollectItemsViewController.m */,
				FCD11EFE1C64D1E200DA6EFA /* CollectItemsViewController.h */,
				FCD11F011C64D5E800DA6EFA /* AddTargetViewController.h */,
				FCD11F021C64D5E800DA6EFA /* AddTargetViewController.m */,
				FCD11F0A1C64E81500DA6EFA /* GoogleMapViewController.h */,
				FCD11F0B1C64E81500DA6EFA /* GoogleMapViewController.m */,
				FCD11F1F1C65762300DA6EFA /* PendingTargetsViewController.m */,
				FCD11F1E1C65762300DA6EFA /* PendingTargetsViewController.h */,
				FC13BB8A1C66809C002AA905 /* DecideForPendingTargetsViewController.h */,
				FC13BB8B1C66809C002AA905 /* DecideForPendingTargetsViewController.m */,
				FCD33AF81C67FC0F00F2465A /* ChooseTargetToHackViewController.h */,
				FCD33AF91C67FC0F00F2465A /* ChooseTargetToHackViewController.m */,
				FC68615B1C685E5C0008C818 /* InitiateHackViewController.h */,
				FC68615C1C685E5C0008C818 /* InitiateHackViewController.m */,
				FC6861811C68ED470008C818 /* BeingHackedViewController.h */,
				FC6861821C68ED470008C818 /* BeingHackedViewController.m */,
			);
			name = Controllers;
			sourceTree = "<group>";
		};
		FCD11EEB1C64AA3E00DA6EFA /* Constants */ = {
			isa = PBXGroup;
			children = (
				FCD11EEC1C64AA7600DA6EFA /* GlobalConstants.h */,
				FCD11EED1C64AA7600DA6EFA /* GlobalConstants.m */,
				FCD11EEF1C64AA8400DA6EFA /* ModelConstants.h */,
				FCD11EF01C64AA8400DA6EFA /* ModelConstants.m */,
			);
			name = Constants;
			sourceTree = "<group>";
		};
		FCD11F0E1C64EEB300DA6EFA /* Resources */ = {
			isa = PBXGroup;
			children = (
				FC68615E1C68611A0008C818 /* HaQ-logo.png */,
				FCD33B251C683B0300F2465A /* animation_2.png */,
				FCD33B231C683AF800F2465A /* animation_1.png */,
				FCD33B0C1C681B2700F2465A /* status_money_bag.png */,
				FC630A671C6716D20060FF5D /* icon_money.png */,
				FC630A641C6716BE0060FF5D /* glow-marker.png */,
			);
			name = Resources;
			sourceTree = "<group>";
		};
		FCD11F0F1C651CFC00DA6EFA /* Views */ = {
			isa = PBXGroup;
			children = (
				FCD11F141C652A3600DA6EFA /* PictureCell.h */,
				FCD11F151C652A3600DA6EFA /* PictureCell.m */,
				FC630A6B1C67397A0060FF5D /* PictureCell.xib */,
				FCD33AF31C67EFAB00F2465A /* UserDetailsView.h */,
				FCD33AF41C67EFAB00F2465A /* UserDetailsView.m */,
				FCD33AF61C67EFBD00F2465A /* UserDetailsView.xib */,
				FCD33AFF1C68006C00F2465A /* StatusItemView.h */,
				FCD33B001C68006C00F2465A /* StatusItemView.m */,
				FCD33B141C68264300F2465A /* BackgroundAnimation.h */,
				FCD33B151C68264300F2465A /* BackgroundAnimation.m */,
				FC68616D1C688A110008C818 /* DoubleCircleButton.swift */,
				FC6861841C68EF8A0008C818 /* ViewController.h */,
				FC6861851C68EF8A0008C818 /* ViewController.m */,
			);
			name = Views;
			sourceTree = "<group>";
		};
/* End PBXGroup section */

/* Begin PBXNativeTarget section */
		FC6256531C6134D100FCAE56 /* HaQ */ = {
			isa = PBXNativeTarget;
			buildConfigurationList = FC62566B1C6134D200FCAE56 /* Build configuration list for PBXNativeTarget "HaQ" */;
			buildPhases = (
				38AB5808F66A931865D5B298 /* Check Pods Manifest.lock */,
				FC6256501C6134D100FCAE56 /* Sources */,
				FC6256511C6134D100FCAE56 /* Frameworks */,
				FC6256521C6134D100FCAE56 /* Resources */,
				9A96B593782065A574050986 /* Embed Pods Frameworks */,
				3E9240059D5F44913804435A /* Copy Pods Resources */,
			);
			buildRules = (
			);
			dependencies = (
			);
			name = HaQ;
			productName = HaQ;
			productReference = FC6256541C6134D100FCAE56 /* HaQ.app */;
			productType = "com.apple.product-type.application";
		};
/* End PBXNativeTarget section */

/* Begin PBXProject section */
		FC62564C1C6134D100FCAE56 /* Project object */ = {
			isa = PBXProject;
			attributes = {
				LastUpgradeCheck = 0720;
				ORGANIZATIONNAME = "Ognyan Kossov";
				TargetAttributes = {
					FC6256531C6134D100FCAE56 = {
						CreatedOnToolsVersion = 7.2;
						DevelopmentTeam = 867ZT75EHC;
						SystemCapabilities = {
							com.apple.BackgroundModes = {
								enabled = 1;
							};
						};
					};
				};
			};
			buildConfigurationList = FC62564F1C6134D100FCAE56 /* Build configuration list for PBXProject "HaQ" */;
			compatibilityVersion = "Xcode 3.2";
			developmentRegion = English;
			hasScannedForEncodings = 0;
			knownRegions = (
				en,
				Base,
			);
			mainGroup = FC62564B1C6134D100FCAE56;
			productRefGroup = FC6256551C6134D100FCAE56 /* Products */;
			projectDirPath = "";
			projectRoot = "";
			targets = (
				FC6256531C6134D100FCAE56 /* HaQ */,
			);
		};
/* End PBXProject section */

/* Begin PBXResourcesBuildPhase section */
		FC6256521C6134D100FCAE56 /* Resources */ = {
			isa = PBXResourcesBuildPhase;
			buildActionMask = 2147483647;
			files = (
				FC6256671C6134D200FCAE56 /* LaunchScreen.storyboard in Resources */,
				FCD33B261C683B0300F2465A /* animation_2.png in Resources */,
				FCD33B241C683AF800F2465A /* animation_1.png in Resources */,
				FC630A651C6716D20060FF5D /* icon_money.png in Resources */,
				FC630A6C1C67397A0060FF5D /* PictureCell.xib in Resources */,
				FCD33B0E1C681B2B00F2465A /* status_money_bag.png in Resources */,
				FC68615F1C68611A0008C818 /* HaQ-logo.png in Resources */,
				FCD33AF71C67EFBD00F2465A /* UserDetailsView.xib in Resources */,
				FCD33AED1C67E67F00F2465A /* Main.storyboard in Resources */,
				FC6256641C6134D200FCAE56 /* Assets.xcassets in Resources */,
				FC630A621C6716BE0060FF5D /* glow-marker.png in Resources */,
			);
			runOnlyForDeploymentPostprocessing = 0;
		};
/* End PBXResourcesBuildPhase section */

/* Begin PBXShellScriptBuildPhase section */
		38AB5808F66A931865D5B298 /* Check Pods Manifest.lock */ = {
			isa = PBXShellScriptBuildPhase;
			buildActionMask = 2147483647;
			files = (
			);
			inputPaths = (
			);
			name = "Check Pods Manifest.lock";
			outputPaths = (
			);
			runOnlyForDeploymentPostprocessing = 0;
			shellPath = /bin/sh;
			shellScript = "diff \"${PODS_ROOT}/../Podfile.lock\" \"${PODS_ROOT}/Manifest.lock\" > /dev/null\nif [[ $? != 0 ]] ; then\n    cat << EOM\nerror: The sandbox is not in sync with the Podfile.lock. Run 'pod install' or update your CocoaPods installation.\nEOM\n    exit 1\nfi\n";
			showEnvVarsInLog = 0;
		};
		3E9240059D5F44913804435A /* Copy Pods Resources */ = {
			isa = PBXShellScriptBuildPhase;
			buildActionMask = 2147483647;
			files = (
			);
			inputPaths = (
			);
			name = "Copy Pods Resources";
			outputPaths = (
			);
			runOnlyForDeploymentPostprocessing = 0;
			shellPath = /bin/sh;
			shellScript = "\"${SRCROOT}/Pods/Target Support Files/Pods-HaQ/Pods-HaQ-resources.sh\"\n";
			showEnvVarsInLog = 0;
		};
		9A96B593782065A574050986 /* Embed Pods Frameworks */ = {
			isa = PBXShellScriptBuildPhase;
			buildActionMask = 2147483647;
			files = (
			);
			inputPaths = (
			);
			name = "Embed Pods Frameworks";
			outputPaths = (
			);
			runOnlyForDeploymentPostprocessing = 0;
			shellPath = /bin/sh;
			shellScript = "\"${SRCROOT}/Pods/Target Support Files/Pods-HaQ/Pods-HaQ-frameworks.sh\"\n";
			showEnvVarsInLog = 0;
		};
/* End PBXShellScriptBuildPhase section */

/* Begin PBXSourcesBuildPhase section */
		FC6256501C6134D100FCAE56 /* Sources */ = {
			isa = PBXSourcesBuildPhase;
			buildActionMask = 2147483647;
			files = (
				FCD11EEA1C64A87900DA6EFA /* HelperMethods.m in Sources */,
				FC5FC30D1C63BF77004C0AD6 /* Item.m in Sources */,
				FCD11EE71C64A86B00DA6EFA /* Validator.m in Sources */,
				FCD11EFA1C64D1BD00DA6EFA /* HackViewController.m in Sources */,
				FCA331441C636C2F00F616AC /* RegisterViewController.m in Sources */,
				FCD11EEE1C64AA7600DA6EFA /* GlobalConstants.m in Sources */,
				FCD11F0C1C64E81500DA6EFA /* GoogleMapViewController.m in Sources */,
				FC62565C1C6134D100FCAE56 /* AppDelegate.m in Sources */,
				FCD33B161C68264300F2465A /* BackgroundAnimation.m in Sources */,
				FC68616E1C688A110008C818 /* DoubleCircleButton.swift in Sources */,
				FC6861871C68EF8A0008C818 /* ViewController.m in Sources */,
				FC5FC3111C63C351004C0AD6 /* RandomNumberGenerator.m in Sources */,
				FCD33AFA1C67FC0F00F2465A /* ChooseTargetToHackViewController.m in Sources */,
				FC6256591C6134D100FCAE56 /* main.m in Sources */,
				FC630A761C6760390060FF5D /* DataUpdateProtocol.m in Sources */,
				FCA331481C636C8500F616AC /* MainViewController.m in Sources */,
				FCD11EF41C64B97900DA6EFA /* Friendship.m in Sources */,
				FCD11F201C65762300DA6EFA /* PendingTargetsViewController.m in Sources */,
				FC68615D1C685E5C0008C818 /* InitiateHackViewController.m in Sources */,
				FCD11EFD1C64D1D000DA6EFA /* TargetsViewController.m in Sources */,
				FCD11EF11C64AA8400DA6EFA /* ModelConstants.m in Sources */,
				FCD11F161C652A3600DA6EFA /* PictureCell.m in Sources */,
				FC6861711C68C12D0008C818 /* Attack.m in Sources */,
				FCD11F031C64D5E800DA6EFA /* AddTargetViewController.m in Sources */,
				FCA331411C636C1E00F616AC /* LoginViewController.m in Sources */,
				FC6861831C68ED470008C818 /* BeingHackedViewController.m in Sources */,
				FCD11F061C64DD7900DA6EFA /* DataManager.m in Sources */,
				FC60EAE11C66E8C5006F2C21 /* LocationManager.m in Sources */,
				FC13BB8C1C66809C002AA905 /* DecideForPendingTargetsViewController.m in Sources */,
				FCD33B011C68006C00F2465A /* StatusItemView.m in Sources */,
				FCD33AF51C67EFAB00F2465A /* UserDetailsView.m in Sources */,
				FCD11F001C64D1E200DA6EFA /* CollectItemsViewController.m in Sources */,
			);
			runOnlyForDeploymentPostprocessing = 0;
		};
/* End PBXSourcesBuildPhase section */

/* Begin PBXVariantGroup section */
		FC6256651C6134D200FCAE56 /* LaunchScreen.storyboard */ = {
			isa = PBXVariantGroup;
			children = (
				FC6256661C6134D200FCAE56 /* Base */,
			);
			name = LaunchScreen.storyboard;
			sourceTree = "<group>";
		};
		FC630A641C6716BE0060FF5D /* glow-marker.png */ = {
			isa = PBXVariantGroup;
			children = (
				FC630A631C6716BE0060FF5D /* Base */,
				FC630A691C6716DA0060FF5D /* en */,
			);
			name = "glow-marker.png";
			path = Resources;
			sourceTree = "<group>";
		};
		FC630A671C6716D20060FF5D /* icon_money.png */ = {
			isa = PBXVariantGroup;
			children = (
				FC630A661C6716D20060FF5D /* Base */,
				FC630A681C6716D50060FF5D /* en */,
			);
			name = icon_money.png;
			path = Resources;
			sourceTree = "<group>";
		};
		FCD33B0C1C681B2700F2465A /* status_money_bag.png */ = {
			isa = PBXVariantGroup;
			children = (
				FCD33B0B1C681B2700F2465A /* Base */,
				FCD33B0D1C681B2900F2465A /* en */,
			);
			name = status_money_bag.png;
			path = Resources;
			sourceTree = "<group>";
		};
/* End PBXVariantGroup section */

/* Begin XCBuildConfiguration section */
		FC6256691C6134D200FCAE56 /* Debug */ = {
			isa = XCBuildConfiguration;
			buildSettings = {
				ALWAYS_SEARCH_USER_PATHS = NO;
				CLANG_CXX_LANGUAGE_STANDARD = "gnu++0x";
				CLANG_CXX_LIBRARY = "libc++";
				CLANG_ENABLE_MODULES = YES;
				CLANG_ENABLE_OBJC_ARC = YES;
				CLANG_WARN_BOOL_CONVERSION = YES;
				CLANG_WARN_CONSTANT_CONVERSION = YES;
				CLANG_WARN_DIRECT_OBJC_ISA_USAGE = YES_ERROR;
				CLANG_WARN_EMPTY_BODY = YES;
				CLANG_WARN_ENUM_CONVERSION = YES;
				CLANG_WARN_INT_CONVERSION = YES;
				CLANG_WARN_OBJC_ROOT_CLASS = YES_ERROR;
				CLANG_WARN_UNREACHABLE_CODE = YES;
				CLANG_WARN__DUPLICATE_METHOD_MATCH = YES;
				"CODE_SIGN_IDENTITY[sdk=iphoneos*]" = "iPhone Developer";
				COPY_PHASE_STRIP = NO;
				DEBUG_INFORMATION_FORMAT = dwarf;
				ENABLE_STRICT_OBJC_MSGSEND = YES;
				ENABLE_TESTABILITY = YES;
				GCC_C_LANGUAGE_STANDARD = gnu99;
				GCC_DYNAMIC_NO_PIC = NO;
				GCC_NO_COMMON_BLOCKS = YES;
				GCC_OPTIMIZATION_LEVEL = 0;
				GCC_PREPROCESSOR_DEFINITIONS = (
					"DEBUG=1",
					"$(inherited)",
				);
				GCC_WARN_64_TO_32_BIT_CONVERSION = YES;
				GCC_WARN_ABOUT_RETURN_TYPE = YES_ERROR;
				GCC_WARN_UNDECLARED_SELECTOR = YES;
				GCC_WARN_UNINITIALIZED_AUTOS = YES_AGGRESSIVE;
				GCC_WARN_UNUSED_FUNCTION = YES;
				GCC_WARN_UNUSED_VARIABLE = YES;
				IPHONEOS_DEPLOYMENT_TARGET = 9.2;
				MTL_ENABLE_DEBUG_INFO = YES;
				ONLY_ACTIVE_ARCH = YES;
				SDKROOT = iphoneos;
			};
			name = Debug;
		};
		FC62566A1C6134D200FCAE56 /* Release */ = {
			isa = XCBuildConfiguration;
			buildSettings = {
				ALWAYS_SEARCH_USER_PATHS = NO;
				CLANG_CXX_LANGUAGE_STANDARD = "gnu++0x";
				CLANG_CXX_LIBRARY = "libc++";
				CLANG_ENABLE_MODULES = YES;
				CLANG_ENABLE_OBJC_ARC = YES;
				CLANG_WARN_BOOL_CONVERSION = YES;
				CLANG_WARN_CONSTANT_CONVERSION = YES;
				CLANG_WARN_DIRECT_OBJC_ISA_USAGE = YES_ERROR;
				CLANG_WARN_EMPTY_BODY = YES;
				CLANG_WARN_ENUM_CONVERSION = YES;
				CLANG_WARN_INT_CONVERSION = YES;
				CLANG_WARN_OBJC_ROOT_CLASS = YES_ERROR;
				CLANG_WARN_UNREACHABLE_CODE = YES;
				CLANG_WARN__DUPLICATE_METHOD_MATCH = YES;
				"CODE_SIGN_IDENTITY[sdk=iphoneos*]" = "iPhone Developer";
				COPY_PHASE_STRIP = NO;
				DEBUG_INFORMATION_FORMAT = "dwarf-with-dsym";
				ENABLE_NS_ASSERTIONS = NO;
				ENABLE_STRICT_OBJC_MSGSEND = YES;
				GCC_C_LANGUAGE_STANDARD = gnu99;
				GCC_NO_COMMON_BLOCKS = YES;
				GCC_WARN_64_TO_32_BIT_CONVERSION = YES;
				GCC_WARN_ABOUT_RETURN_TYPE = YES_ERROR;
				GCC_WARN_UNDECLARED_SELECTOR = YES;
				GCC_WARN_UNINITIALIZED_AUTOS = YES_AGGRESSIVE;
				GCC_WARN_UNUSED_FUNCTION = YES;
				GCC_WARN_UNUSED_VARIABLE = YES;
				IPHONEOS_DEPLOYMENT_TARGET = 9.2;
				MTL_ENABLE_DEBUG_INFO = NO;
				SDKROOT = iphoneos;
				VALIDATE_PRODUCT = YES;
			};
			name = Release;
		};
		FC62566C1C6134D200FCAE56 /* Debug */ = {
			isa = XCBuildConfiguration;
			baseConfigurationReference = E2835DEEC783EE3201BBD73D /* Pods-HaQ.debug.xcconfig */;
			buildSettings = {
				ASSETCATALOG_COMPILER_APPICON_NAME = AppIcon;
				CLANG_ENABLE_MODULES = YES;
				INFOPLIST_FILE = HaQ/Info.plist;
				LD_RUNPATH_SEARCH_PATHS = "$(inherited) @executable_path/Frameworks";
				PRODUCT_BUNDLE_IDENTIFIER = kossov.HaQ;
				PRODUCT_NAME = "$(TARGET_NAME)";
				SWIFT_OBJC_BRIDGING_HEADER = "HaQ/HaQ-Bridging-Header.h";
				SWIFT_OPTIMIZATION_LEVEL = "-Onone";
			};
			name = Debug;
		};
		FC62566D1C6134D200FCAE56 /* Release */ = {
			isa = XCBuildConfiguration;
			baseConfigurationReference = A5237C04DDC5F1219AA4EA24 /* Pods-HaQ.release.xcconfig */;
			buildSettings = {
				ASSETCATALOG_COMPILER_APPICON_NAME = AppIcon;
				CLANG_ENABLE_MODULES = YES;
				INFOPLIST_FILE = HaQ/Info.plist;
				LD_RUNPATH_SEARCH_PATHS = "$(inherited) @executable_path/Frameworks";
				PRODUCT_BUNDLE_IDENTIFIER = kossov.HaQ;
				PRODUCT_NAME = "$(TARGET_NAME)";
				SWIFT_OBJC_BRIDGING_HEADER = "HaQ/HaQ-Bridging-Header.h";
			};
			name = Release;
		};
/* End XCBuildConfiguration section */

/* Begin XCConfigurationList section */
		FC62564F1C6134D100FCAE56 /* Build configuration list for PBXProject "HaQ" */ = {
			isa = XCConfigurationList;
			buildConfigurations = (
				FC6256691C6134D200FCAE56 /* Debug */,
				FC62566A1C6134D200FCAE56 /* Release */,
			);
			defaultConfigurationIsVisible = 0;
			defaultConfigurationName = Release;
		};
		FC62566B1C6134D200FCAE56 /* Build configuration list for PBXNativeTarget "HaQ" */ = {
			isa = XCConfigurationList;
			buildConfigurations = (
				FC62566C1C6134D200FCAE56 /* Debug */,
				FC62566D1C6134D200FCAE56 /* Release */,
			);
			defaultConfigurationIsVisible = 0;
			defaultConfigurationName = Release;
		};
/* End XCConfigurationList section */
	};
	rootObject = FC62564C1C6134D100FCAE56 /* Project object */;
}
