// !$*UTF8*$!
{
	archiveVersion = 1;
	classes = {
	};
	objectVersion = 46;
	objects = {

/* Begin PBXBuildFile section */
		626BA0DCBFEE2A74D640F623 /* libPods-HaQ.a in Frameworks */ = {isa = PBXBuildFile; fileRef = 56B9FE73FC311619F2C593FC /* libPods-HaQ.a */; };
		FC56F11D1C616AA600E7DA32 /* LoginViewController.m in Sources */ = {isa = PBXBuildFile; fileRef = FC56F11C1C616AA600E7DA32 /* LoginViewController.m */; };
		FC56F1201C616AB300E7DA32 /* RegisterViewController.m in Sources */ = {isa = PBXBuildFile; fileRef = FC56F11F1C616AB300E7DA32 /* RegisterViewController.m */; };
		FC6256591C6134D100FCAE56 /* main.m in Sources */ = {isa = PBXBuildFile; fileRef = FC6256581C6134D100FCAE56 /* main.m */; };
		FC62565C1C6134D100FCAE56 /* AppDelegate.m in Sources */ = {isa = PBXBuildFile; fileRef = FC62565B1C6134D100FCAE56 /* AppDelegate.m */; };
		FC62565F1C6134D200FCAE56 /* ViewController.m in Sources */ = {isa = PBXBuildFile; fileRef = FC62565E1C6134D200FCAE56 /* ViewController.m */; };
		FC6256621C6134D200FCAE56 /* Main.storyboard in Resources */ = {isa = PBXBuildFile; fileRef = FC6256601C6134D200FCAE56 /* Main.storyboard */; };
		FC6256641C6134D200FCAE56 /* Assets.xcassets in Resources */ = {isa = PBXBuildFile; fileRef = FC6256631C6134D200FCAE56 /* Assets.xcassets */; };
		FC6256671C6134D200FCAE56 /* LaunchScreen.storyboard in Resources */ = {isa = PBXBuildFile; fileRef = FC6256651C6134D200FCAE56 /* LaunchScreen.storyboard */; };
/* End PBXBuildFile section */

/* Begin PBXFileReference section */
		56B9FE73FC311619F2C593FC /* libPods-HaQ.a */ = {isa = PBXFileReference; explicitFileType = archive.ar; includeInIndex = 0; path = "libPods-HaQ.a"; sourceTree = BUILT_PRODUCTS_DIR; };
		A5237C04DDC5F1219AA4EA24 /* Pods-HaQ.release.xcconfig */ = {isa = PBXFileReference; includeInIndex = 1; lastKnownFileType = text.xcconfig; name = "Pods-HaQ.release.xcconfig"; path = "Pods/Target Support Files/Pods-HaQ/Pods-HaQ.release.xcconfig"; sourceTree = "<group>"; };
		E2835DEEC783EE3201BBD73D /* Pods-HaQ.debug.xcconfig */ = {isa = PBXFileReference; includeInIndex = 1; lastKnownFileType = text.xcconfig; name = "Pods-HaQ.debug.xcconfig"; path = "Pods/Target Support Files/Pods-HaQ/Pods-HaQ.debug.xcconfig"; sourceTree = "<group>"; };
		FC56F11B1C616AA600E7DA32 /* LoginViewController.h */ = {isa = PBXFileReference; fileEncoding = 4; lastKnownFileType = sourcecode.c.h; path = LoginViewController.h; sourceTree = "<group>"; };
		FC56F11C1C616AA600E7DA32 /* LoginViewController.m */ = {isa = PBXFileReference; fileEncoding = 4; lastKnownFileType = sourcecode.c.objc; path = LoginViewController.m; sourceTree = "<group>"; };
		FC56F11E1C616AB300E7DA32 /* RegisterViewController.h */ = {isa = PBXFileReference; fileEncoding = 4; lastKnownFileType = sourcecode.c.h; path = RegisterViewController.h; sourceTree = "<group>"; };
		FC56F11F1C616AB300E7DA32 /* RegisterViewController.m */ = {isa = PBXFileReference; fileEncoding = 4; lastKnownFileType = sourcecode.c.objc; path = RegisterViewController.m; sourceTree = "<group>"; };
		FC6256541C6134D100FCAE56 /* HaQ.app */ = {isa = PBXFileReference; explicitFileType = wrapper.application; includeInIndex = 0; path = HaQ.app; sourceTree = BUILT_PRODUCTS_DIR; };
		FC6256581C6134D100FCAE56 /* main.m */ = {isa = PBXFileReference; lastKnownFileType = sourcecode.c.objc; path = main.m; sourceTree = "<group>"; };
		FC62565A1C6134D100FCAE56 /* AppDelegate.h */ = {isa = PBXFileReference; lastKnownFileType = sourcecode.c.h; path = AppDelegate.h; sourceTree = "<group>"; };
		FC62565B1C6134D100FCAE56 /* AppDelegate.m */ = {isa = PBXFileReference; lastKnownFileType = sourcecode.c.objc; path = AppDelegate.m; sourceTree = "<group>"; };
		FC62565D1C6134D200FCAE56 /* ViewController.h */ = {isa = PBXFileReference; lastKnownFileType = sourcecode.c.h; path = ViewController.h; sourceTree = "<group>"; };
		FC62565E1C6134D200FCAE56 /* ViewController.m */ = {isa = PBXFileReference; lastKnownFileType = sourcecode.c.objc; path = ViewController.m; sourceTree = "<group>"; };
		FC6256611C6134D200FCAE56 /* Base */ = {isa = PBXFileReference; lastKnownFileType = file.storyboard; name = Base; path = Base.lproj/Main.storyboard; sourceTree = "<group>"; };
		FC6256631C6134D200FCAE56 /* Assets.xcassets */ = {isa = PBXFileReference; lastKnownFileType = folder.assetcatalog; path = Assets.xcassets; sourceTree = "<group>"; };
		FC6256661C6134D200FCAE56 /* Base */ = {isa = PBXFileReference; lastKnownFileType = file.storyboard; name = Base; path = Base.lproj/LaunchScreen.storyboard; sourceTree = "<group>"; };
		FC6256681C6134D200FCAE56 /* Info.plist */ = {isa = PBXFileReference; lastKnownFileType = text.plist.xml; path = Info.plist; sourceTree = "<group>"; };
/* End PBXFileReference section */

/* Begin PBXFrameworksBuildPhase section */
		FC6256511C6134D100FCAE56 /* Frameworks */ = {
			isa = PBXFrameworksBuildPhase;
			buildActionMask = 2147483647;
			files = (
				626BA0DCBFEE2A74D640F623 /* libPods-HaQ.a in Frameworks */,
			);
			runOnlyForDeploymentPostprocessing = 0;
		};
/* End PBXFrameworksBuildPhase section */

/* Begin PBXGroup section */
		86C82049B662AF3D35D20139 /* Pods */ = {
			isa = PBXGroup;
			children = (
				E2835DEEC783EE3201BBD73D /* Pods-HaQ.debug.xcconfig */,
				A5237C04DDC5F1219AA4EA24 /* Pods-HaQ.release.xcconfig */,
			);
			name = Pods;
			sourceTree = "<group>";
		};
		A8EB855E7F7540CC1142E846 /* Frameworks */ = {
			isa = PBXGroup;
			children = (
				56B9FE73FC311619F2C593FC /* libPods-HaQ.a */,
			);
			name = Frameworks;
			sourceTree = "<group>";
		};
		FC56F1171C6165B100E7DA32 /* Models */ = {
			isa = PBXGroup;
			children = (
			);
			name = Models;
			sourceTree = "<group>";
		};
		FC56F1181C61696900E7DA32 /* Views */ = {
			isa = PBXGroup;
			children = (
			);
			name = Views;
			sourceTree = "<group>";
		};
		FC56F11A1C616A2D00E7DA32 /* ViewControllers */ = {
			isa = PBXGroup;
			children = (
				FC56F11B1C616AA600E7DA32 /* LoginViewController.h */,
				FC56F11C1C616AA600E7DA32 /* LoginViewController.m */,
				FC56F11E1C616AB300E7DA32 /* RegisterViewController.h */,
				FC56F11F1C616AB300E7DA32 /* RegisterViewController.m */,
			);
			name = ViewControllers;
			sourceTree = "<group>";
		};
		FC62564B1C6134D100FCAE56 = {
			isa = PBXGroup;
			children = (
				FC6256561C6134D100FCAE56 /* HaQ */,
				FC6256551C6134D100FCAE56 /* Products */,
				86C82049B662AF3D35D20139 /* Pods */,
				A8EB855E7F7540CC1142E846 /* Frameworks */,
			);
			sourceTree = "<group>";
		};
		FC6256551C6134D100FCAE56 /* Products */ = {
			isa = PBXGroup;
			children = (
				FC6256541C6134D100FCAE56 /* HaQ.app */,
			);
			name = Products;
			sourceTree = "<group>";
		};
		FC6256561C6134D100FCAE56 /* HaQ */ = {
			isa = PBXGroup;
			children = (
				FC56F11A1C616A2D00E7DA32 /* ViewControllers */,
				FC56F1181C61696900E7DA32 /* Views */,
				FC56F1171C6165B100E7DA32 /* Models */,
				FC62565A1C6134D100FCAE56 /* AppDelegate.h */,
				FC62565B1C6134D100FCAE56 /* AppDelegate.m */,
				FC62565D1C6134D200FCAE56 /* ViewController.h */,
				FC62565E1C6134D200FCAE56 /* ViewController.m */,
				FC6256601C6134D200FCAE56 /* Main.storyboard */,
				FC6256631C6134D200FCAE56 /* Assets.xcassets */,
				FC6256651C6134D200FCAE56 /* LaunchScreen.storyboard */,
				FC6256681C6134D200FCAE56 /* Info.plist */,
				FC6256571C6134D100FCAE56 /* Supporting Files */,
			);
			path = HaQ;
			sourceTree = "<group>";
		};
		FC6256571C6134D100FCAE56 /* Supporting Files */ = {
			isa = PBXGroup;
			children = (
				FC6256581C6134D100FCAE56 /* main.m */,
			);
			name = "Supporting Files";
			sourceTree = "<group>";
		};
/* End PBXGroup section */

/* Begin PBXNativeTarget section */
		FC6256531C6134D100FCAE56 /* HaQ */ = {
			isa = PBXNativeTarget;
			buildConfigurationList = FC62566B1C6134D200FCAE56 /* Build configuration list for PBXNativeTarget "HaQ" */;
			buildPhases = (
				38AB5808F66A931865D5B298 /* Check Pods Manifest.lock */,
				FC6256501C6134D100FCAE56 /* Sources */,
				FC6256511C6134D100FCAE56 /* Frameworks */,
				FC6256521C6134D100FCAE56 /* Resources */,
				9A96B593782065A574050986 /* Embed Pods Frameworks */,
				3E9240059D5F44913804435A /* Copy Pods Resources */,
			);
			buildRules = (
			);
			dependencies = (
			);
			name = HaQ;
			productName = HaQ;
			productReference = FC6256541C6134D100FCAE56 /* HaQ.app */;
			productType = "com.apple.product-type.application";
		};
/* End PBXNativeTarget section */

/* Begin PBXProject section */
		FC62564C1C6134D100FCAE56 /* Project object */ = {
			isa = PBXProject;
			attributes = {
				LastUpgradeCheck = 0720;
				ORGANIZATIONNAME = "Ognyan Kossov";
				TargetAttributes = {
					FC6256531C6134D100FCAE56 = {
						CreatedOnToolsVersion = 7.2;
						DevelopmentTeam = 867ZT75EHC;
					};
				};
			};
			buildConfigurationList = FC62564F1C6134D100FCAE56 /* Build configuration list for PBXProject "HaQ" */;
			compatibilityVersion = "Xcode 3.2";
			developmentRegion = English;
			hasScannedForEncodings = 0;
			knownRegions = (
				en,
				Base,
			);
			mainGroup = FC62564B1C6134D100FCAE56;
			productRefGroup = FC6256551C6134D100FCAE56 /* Products */;
			projectDirPath = "";
			projectRoot = "";
			targets = (
				FC6256531C6134D100FCAE56 /* HaQ */,
			);
		};
/* End PBXProject section */

/* Begin PBXResourcesBuildPhase section */
		FC6256521C6134D100FCAE56 /* Resources */ = {
			isa = PBXResourcesBuildPhase;
			buildActionMask = 2147483647;
			files = (
				FC6256671C6134D200FCAE56 /* LaunchScreen.storyboard in Resources */,
				FC6256641C6134D200FCAE56 /* Assets.xcassets in Resources */,
				FC6256621C6134D200FCAE56 /* Main.storyboard in Resources */,
			);
			runOnlyForDeploymentPostprocessing = 0;
		};
/* End PBXResourcesBuildPhase section */

/* Begin PBXShellScriptBuildPhase section */
		38AB5808F66A931865D5B298 /* Check Pods Manifest.lock */ = {
			isa = PBXShellScriptBuildPhase;
			buildActionMask = 2147483647;
			files = (
			);
			inputPaths = (
			);
			name = "Check Pods Manifest.lock";
			outputPaths = (
			);
			runOnlyForDeploymentPostprocessing = 0;
			shellPath = /bin/sh;
			shellScript = "diff \"${PODS_ROOT}/../Podfile.lock\" \"${PODS_ROOT}/Manifest.lock\" > /dev/null\nif [[ $? != 0 ]] ; then\n    cat << EOM\nerror: The sandbox is not in sync with the Podfile.lock. Run 'pod install' or update your CocoaPods installation.\nEOM\n    exit 1\nfi\n";
			showEnvVarsInLog = 0;
		};
		3E9240059D5F44913804435A /* Copy Pods Resources */ = {
			isa = PBXShellScriptBuildPhase;
			buildActionMask = 2147483647;
			files = (
			);
			inputPaths = (
			);
			name = "Copy Pods Resources";
			outputPaths = (
			);
			runOnlyForDeploymentPostprocessing = 0;
			shellPath = /bin/sh;
			shellScript = "\"${SRCROOT}/Pods/Target Support Files/Pods-HaQ/Pods-HaQ-resources.sh\"\n";
			showEnvVarsInLog = 0;
		};
		9A96B593782065A574050986 /* Embed Pods Frameworks */ = {
			isa = PBXShellScriptBuildPhase;
			buildActionMask = 2147483647;
			files = (
			);
			inputPaths = (
			);
			name = "Embed Pods Frameworks";
			outputPaths = (
			);
			runOnlyForDeploymentPostprocessing = 0;
			shellPath = /bin/sh;
			shellScript = "\"${SRCROOT}/Pods/Target Support Files/Pods-HaQ/Pods-HaQ-frameworks.sh\"\n";
			showEnvVarsInLog = 0;
		};
/* End PBXShellScriptBuildPhase section */

/* Begin PBXSourcesBuildPhase section */
		FC6256501C6134D100FCAE56 /* Sources */ = {
			isa = PBXSourcesBuildPhase;
			buildActionMask = 2147483647;
			files = (
				FC56F1201C616AB300E7DA32 /* RegisterViewController.m in Sources */,
				FC56F11D1C616AA600E7DA32 /* LoginViewController.m in Sources */,
				FC62565F1C6134D200FCAE56 /* ViewController.m in Sources */,
				FC62565C1C6134D100FCAE56 /* AppDelegate.m in Sources */,
				FC6256591C6134D100FCAE56 /* main.m in Sources */,
			);
			runOnlyForDeploymentPostprocessing = 0;
		};
/* End PBXSourcesBuildPhase section */

/* Begin PBXVariantGroup section */
		FC6256601C6134D200FCAE56 /* Main.storyboard */ = {
			isa = PBXVariantGroup;
			children = (
				FC6256611C6134D200FCAE56 /* Base */,
			);
			name = Main.storyboard;
			sourceTree = "<group>";
		};
		FC6256651C6134D200FCAE56 /* LaunchScreen.storyboard */ = {
			isa = PBXVariantGroup;
			children = (
				FC6256661C6134D200FCAE56 /* Base */,
			);
			name = LaunchScreen.storyboard;
			sourceTree = "<group>";
		};
/* End PBXVariantGroup section */

/* Begin XCBuildConfiguration section */
		FC6256691C6134D200FCAE56 /* Debug */ = {
			isa = XCBuildConfiguration;
			buildSettings = {
				ALWAYS_SEARCH_USER_PATHS = NO;
				CLANG_CXX_LANGUAGE_STANDARD = "gnu++0x";
				CLANG_CXX_LIBRARY = "libc++";
				CLANG_ENABLE_MODULES = YES;
				CLANG_ENABLE_OBJC_ARC = YES;
				CLANG_WARN_BOOL_CONVERSION = YES;
				CLANG_WARN_CONSTANT_CONVERSION = YES;
				CLANG_WARN_DIRECT_OBJC_ISA_USAGE = YES_ERROR;
				CLANG_WARN_EMPTY_BODY = YES;
				CLANG_WARN_ENUM_CONVERSION = YES;
				CLANG_WARN_INT_CONVERSION = YES;
				CLANG_WARN_OBJC_ROOT_CLASS = YES_ERROR;
				CLANG_WARN_UNREACHABLE_CODE = YES;
				CLANG_WARN__DUPLICATE_METHOD_MATCH = YES;
				"CODE_SIGN_IDENTITY[sdk=iphoneos*]" = "iPhone Developer";
				COPY_PHASE_STRIP = NO;
				DEBUG_INFORMATION_FORMAT = dwarf;
				ENABLE_STRICT_OBJC_MSGSEND = YES;
				ENABLE_TESTABILITY = YES;
				GCC_C_LANGUAGE_STANDARD = gnu99;
				GCC_DYNAMIC_NO_PIC = NO;
				GCC_NO_COMMON_BLOCKS = YES;
				GCC_OPTIMIZATION_LEVEL = 0;
				GCC_PREPROCESSOR_DEFINITIONS = (
					"DEBUG=1",
					"$(inherited)",
				);
				GCC_WARN_64_TO_32_BIT_CONVERSION = YES;
				GCC_WARN_ABOUT_RETURN_TYPE = YES_ERROR;
				GCC_WARN_UNDECLARED_SELECTOR = YES;
				GCC_WARN_UNINITIALIZED_AUTOS = YES_AGGRESSIVE;
				GCC_WARN_UNUSED_FUNCTION = YES;
				GCC_WARN_UNUSED_VARIABLE = YES;
				IPHONEOS_DEPLOYMENT_TARGET = 9.2;
				MTL_ENABLE_DEBUG_INFO = YES;
				ONLY_ACTIVE_ARCH = YES;
				SDKROOT = iphoneos;
			};
			name = Debug;
		};
		FC62566A1C6134D200FCAE56 /* Release */ = {
			isa = XCBuildConfiguration;
			buildSettings = {
				ALWAYS_SEARCH_USER_PATHS = NO;
				CLANG_CXX_LANGUAGE_STANDARD = "gnu++0x";
				CLANG_CXX_LIBRARY = "libc++";
				CLANG_ENABLE_MODULES = YES;
				CLANG_ENABLE_OBJC_ARC = YES;
				CLANG_WARN_BOOL_CONVERSION = YES;
				CLANG_WARN_CONSTANT_CONVERSION = YES;
				CLANG_WARN_DIRECT_OBJC_ISA_USAGE = YES_ERROR;
				CLANG_WARN_EMPTY_BODY = YES;
				CLANG_WARN_ENUM_CONVERSION = YES;
				CLANG_WARN_INT_CONVERSION = YES;
				CLANG_WARN_OBJC_ROOT_CLASS = YES_ERROR;
				CLANG_WARN_UNREACHABLE_CODE = YES;
				CLANG_WARN__DUPLICATE_METHOD_MATCH = YES;
				"CODE_SIGN_IDENTITY[sdk=iphoneos*]" = "iPhone Developer";
				COPY_PHASE_STRIP = NO;
				DEBUG_INFORMATION_FORMAT = "dwarf-with-dsym";
				ENABLE_NS_ASSERTIONS = NO;
				ENABLE_STRICT_OBJC_MSGSEND = YES;
				GCC_C_LANGUAGE_STANDARD = gnu99;
				GCC_NO_COMMON_BLOCKS = YES;
				GCC_WARN_64_TO_32_BIT_CONVERSION = YES;
				GCC_WARN_ABOUT_RETURN_TYPE = YES_ERROR;
				GCC_WARN_UNDECLARED_SELECTOR = YES;
				GCC_WARN_UNINITIALIZED_AUTOS = YES_AGGRESSIVE;
				GCC_WARN_UNUSED_FUNCTION = YES;
				GCC_WARN_UNUSED_VARIABLE = YES;
				IPHONEOS_DEPLOYMENT_TARGET = 9.2;
				MTL_ENABLE_DEBUG_INFO = NO;
				SDKROOT = iphoneos;
				VALIDATE_PRODUCT = YES;
			};
			name = Release;
		};
		FC62566C1C6134D200FCAE56 /* Debug */ = {
			isa = XCBuildConfiguration;
			baseConfigurationReference = E2835DEEC783EE3201BBD73D /* Pods-HaQ.debug.xcconfig */;
			buildSettings = {
				ASSETCATALOG_COMPILER_APPICON_NAME = AppIcon;
				INFOPLIST_FILE = HaQ/Info.plist;
				LD_RUNPATH_SEARCH_PATHS = "$(inherited) @executable_path/Frameworks";
				PRODUCT_BUNDLE_IDENTIFIER = kossov.HaQ;
				PRODUCT_NAME = "$(TARGET_NAME)";
			};
			name = Debug;
		};
		FC62566D1C6134D200FCAE56 /* Release */ = {
			isa = XCBuildConfiguration;
			baseConfigurationReference = A5237C04DDC5F1219AA4EA24 /* Pods-HaQ.release.xcconfig */;
			buildSettings = {
				ASSETCATALOG_COMPILER_APPICON_NAME = AppIcon;
				INFOPLIST_FILE = HaQ/Info.plist;
				LD_RUNPATH_SEARCH_PATHS = "$(inherited) @executable_path/Frameworks";
				PRODUCT_BUNDLE_IDENTIFIER = kossov.HaQ;
				PRODUCT_NAME = "$(TARGET_NAME)";
			};
			name = Release;
		};
/* End XCBuildConfiguration section */

/* Begin XCConfigurationList section */
		FC62564F1C6134D100FCAE56 /* Build configuration list for PBXProject "HaQ" */ = {
			isa = XCConfigurationList;
			buildConfigurations = (
				FC6256691C6134D200FCAE56 /* Debug */,
				FC62566A1C6134D200FCAE56 /* Release */,
			);
			defaultConfigurationIsVisible = 0;
			defaultConfigurationName = Release;
		};
		FC62566B1C6134D200FCAE56 /* Build configuration list for PBXNativeTarget "HaQ" */ = {
			isa = XCConfigurationList;
			buildConfigurations = (
				FC62566C1C6134D200FCAE56 /* Debug */,
				FC62566D1C6134D200FCAE56 /* Release */,
			);
			defaultConfigurationIsVisible = 0;
			defaultConfigurationName = Release;
		};
/* End XCConfigurationList section */
	};
	rootObject = FC62564C1C6134D100FCAE56 /* Project object */;
}
